// !$*UTF8*$!
{
	archiveVersion = 1;
	classes = {
	};
	objectVersion = 77;
	objects = {

/* Begin PBXContainerItemProxy section */
		992BEC9F2EF2D43D00B9C432 /* PBXContainerItemProxy */ = {
			isa = PBXContainerItemProxy;
			containerPortal = 992BEC862EF2D43C00B9C432 /* Project object */;
			proxyType = 1;
			remoteGlobalIDString = 992BEC8D2EF2D43C00B9C432;
			remoteInfo = Fuel;
		};
		992BECA92EF2D43D00B9C432 /* PBXContainerItemProxy */ = {
			isa = PBXContainerItemProxy;
			containerPortal = 992BEC862EF2D43C00B9C432 /* Project object */;
			proxyType = 1;
			remoteGlobalIDString = 992BEC8D2EF2D43C00B9C432;
			remoteInfo = Fuel;
		};
/* End PBXContainerItemProxy section */

/* Begin PBXFileReference section */
		992BEC8E2EF2D43C00B9C432 /* Fuel.app */ = {isa = PBXFileReference; explicitFileType = wrapper.application; includeInIndex = 0; path = Fuel.app; sourceTree = BUILT_PRODUCTS_DIR; };
		992BEC9E2EF2D43D00B9C432 /* FuelTests.xctest */ = {isa = PBXFileReference; explicitFileType = wrapper.cfbundle; includeInIndex = 0; path = FuelTests.xctest; sourceTree = BUILT_PRODUCTS_DIR; };
		992BECA82EF2D43D00B9C432 /* FuelUITests.xctest */ = {isa = PBXFileReference; explicitFileType = wrapper.cfbundle; includeInIndex = 0; path = FuelUITests.xctest; sourceTree = BUILT_PRODUCTS_DIR; };
/* End PBXFileReference section */

/* Begin PBXFileSystemSynchronizedRootGroup section */
		992BEC902EF2D43C00B9C432 /* Fuel */ = {
			isa = PBXFileSystemSynchronizedRootGroup;
			path = Fuel;
			sourceTree = "<group>";
		};
		992BECA12EF2D43D00B9C432 /* FuelTests */ = {
			isa = PBXFileSystemSynchronizedRootGroup;
			path = FuelTests;
			sourceTree = "<group>";
		};
		992BECAB2EF2D43D00B9C432 /* FuelUITests */ = {
			isa = PBXFileSystemSynchronizedRootGroup;
			path = FuelUITests;
			sourceTree = "<group>";
		};
/* End PBXFileSystemSynchronizedRootGroup section */

/* Begin PBXFrameworksBuildPhase section */
		992BEC8B2EF2D43C00B9C432 /* Frameworks */ = {
			isa = PBXFrameworksBuildPhase;
			buildActionMask = 2147483647;
			files = (
			);
			runOnlyForDeploymentPostprocessing = 0;
		};
		992BEC9B2EF2D43D00B9C432 /* Frameworks */ = {
			isa = PBXFrameworksBuildPhase;
			buildActionMask = 2147483647;
			files = (
			);
			runOnlyForDeploymentPostprocessing = 0;
		};
		992BECA52EF2D43D00B9C432 /* Frameworks */ = {
			isa = PBXFrameworksBuildPhase;
			buildActionMask = 2147483647;
			files = (
			);
			runOnlyForDeploymentPostprocessing = 0;
		};
/* End PBXFrameworksBuildPhase section */

/* Begin PBXGroup section */
		992BEC852EF2D43C00B9C432 = {
			isa = PBXGroup;
			children = (
				992BEC902EF2D43C00B9C432 /* Fuel */,
				992BECA12EF2D43D00B9C432 /* FuelTests */,
				992BECAB2EF2D43D00B9C432 /* FuelUITests */,
				992BEC8F2EF2D43C00B9C432 /* Products */,
			);
			sourceTree = "<group>";
		};
		992BEC8F2EF2D43C00B9C432 /* Products */ = {
			isa = PBXGroup;
			children = (
				992BEC8E2EF2D43C00B9C432 /* Fuel.app */,
				992BEC9E2EF2D43D00B9C432 /* FuelTests.xctest */,
				992BECA82EF2D43D00B9C432 /* FuelUITests.xctest */,
			);
			name = Products;
			sourceTree = "<group>";
		};
/* End PBXGroup section */

/* Begin PBXNativeTarget section */
		992BEC8D2EF2D43C00B9C432 /* Fuel */ = {
			isa = PBXNativeTarget;
			buildConfigurationList = 992BECB22EF2D43D00B9C432 /* Build configuration list for PBXNativeTarget "Fuel" */;
			buildPhases = (
				992BEC8A2EF2D43C00B9C432 /* Sources */,
				992BEC8B2EF2D43C00B9C432 /* Frameworks */,
				992BEC8C2EF2D43C00B9C432 /* Resources */,
			);
			buildRules = (
			);
			dependencies = (
			);
			fileSystemSynchronizedGroups = (
				992BEC902EF2D43C00B9C432 /* Fuel */,
			);
			name = Fuel;
			packageProductDependencies = (
			);
			productName = Fuel;
			productReference = 992BEC8E2EF2D43C00B9C432 /* Fuel.app */;
			productType = "com.apple.product-type.application";
		};
		992BEC9D2EF2D43D00B9C432 /* FuelTests */ = {
			isa = PBXNativeTarget;
			buildConfigurationList = 992BECB52EF2D43D00B9C432 /* Build configuration list for PBXNativeTarget "FuelTests" */;
			buildPhases = (
				992BEC9A2EF2D43D00B9C432 /* Sources */,
				992BEC9B2EF2D43D00B9C432 /* Frameworks */,
				992BEC9C2EF2D43D00B9C432 /* Resources */,
			);
			buildRules = (
			);
			dependencies = (
				992BECA02EF2D43D00B9C432 /* PBXTargetDependency */,
			);
			fileSystemSynchronizedGroups = (
				992BECA12EF2D43D00B9C432 /* FuelTests */,
			);
			name = FuelTests;
			packageProductDependencies = (
			);
			productName = FuelTests;
			productReference = 992BEC9E2EF2D43D00B9C432 /* FuelTests.xctest */;
			productType = "com.apple.product-type.bundle.unit-test";
		};
		992BECA72EF2D43D00B9C432 /* FuelUITests */ = {
			isa = PBXNativeTarget;
			buildConfigurationList = 992BECB82EF2D43D00B9C432 /* Build configuration list for PBXNativeTarget "FuelUITests" */;
			buildPhases = (
				992BECA42EF2D43D00B9C432 /* Sources */,
				992BECA52EF2D43D00B9C432 /* Frameworks */,
				992BECA62EF2D43D00B9C432 /* Resources */,
			);
			buildRules = (
			);
			dependencies = (
				992BECAA2EF2D43D00B9C432 /* PBXTargetDependency */,
			);
			fileSystemSynchronizedGroups = (
				992BECAB2EF2D43D00B9C432 /* FuelUITests */,
			);
			name = FuelUITests;
			packageProductDependencies = (
			);
			productName = FuelUITests;
			productReference = 992BECA82EF2D43D00B9C432 /* FuelUITests.xctest */;
			productType = "com.apple.product-type.bundle.ui-testing";
		};
/* End PBXNativeTarget section */

/* Begin PBXProject section */
		992BEC862EF2D43C00B9C432 /* Project object */ = {
			isa = PBXProject;
			attributes = {
				BuildIndependentTargetsInParallel = 1;
				LastSwiftUpdateCheck = 1620;
				LastUpgradeCheck = 1620;
				TargetAttributes = {
					992BEC8D2EF2D43C00B9C432 = {
						CreatedOnToolsVersion = 16.2;
					};
					992BEC9D2EF2D43D00B9C432 = {
						CreatedOnToolsVersion = 16.2;
						TestTargetID = 992BEC8D2EF2D43C00B9C432;
					};
					992BECA72EF2D43D00B9C432 = {
						CreatedOnToolsVersion = 16.2;
						TestTargetID = 992BEC8D2EF2D43C00B9C432;
					};
				};
			};
			buildConfigurationList = 992BEC892EF2D43C00B9C432 /* Build configuration list for PBXProject "Fuel" */;
			developmentRegion = en;
			hasScannedForEncodings = 0;
			knownRegions = (
				en,
				Base,
			);
			mainGroup = 992BEC852EF2D43C00B9C432;
			minimizedProjectReferenceProxies = 1;
			preferredProjectObjectVersion = 77;
			productRefGroup = 992BEC8F2EF2D43C00B9C432 /* Products */;
			projectDirPath = "";
			projectRoot = "";
			targets = (
				992BEC8D2EF2D43C00B9C432 /* Fuel */,
				992BEC9D2EF2D43D00B9C432 /* FuelTests */,
				992BECA72EF2D43D00B9C432 /* FuelUITests */,
			);
		};
/* End PBXProject section */

/* Begin PBXResourcesBuildPhase section */
		992BEC8C2EF2D43C00B9C432 /* Resources */ = {
			isa = PBXResourcesBuildPhase;
			buildActionMask = 2147483647;
			files = (
			);
			runOnlyForDeploymentPostprocessing = 0;
		};
		992BEC9C2EF2D43D00B9C432 /* Resources */ = {
			isa = PBXResourcesBuildPhase;
			buildActionMask = 2147483647;
			files = (
			);
			runOnlyForDeploymentPostprocessing = 0;
		};
		992BECA62EF2D43D00B9C432 /* Resources */ = {
			isa = PBXResourcesBuildPhase;
			buildActionMask = 2147483647;
			files = (
			);
			runOnlyForDeploymentPostprocessing = 0;
		};
/* End PBXResourcesBuildPhase section */

/* Begin PBXSourcesBuildPhase section */
		992BEC8A2EF2D43C00B9C432 /* Sources */ = {
			isa = PBXSourcesBuildPhase;
			buildActionMask = 2147483647;
			files = (
			);
			runOnlyForDeploymentPostprocessing = 0;
		};
		992BEC9A2EF2D43D00B9C432 /* Sources */ = {
			isa = PBXSourcesBuildPhase;
			buildActionMask = 2147483647;
			files = (
			);
			runOnlyForDeploymentPostprocessing = 0;
		};
		992BECA42EF2D43D00B9C432 /* Sources */ = {
			isa = PBXSourcesBuildPhase;
			buildActionMask = 2147483647;
			files = (
			);
			runOnlyForDeploymentPostprocessing = 0;
		};
/* End PBXSourcesBuildPhase section */

/* Begin PBXTargetDependency section */
		992BECA02EF2D43D00B9C432 /* PBXTargetDependency */ = {
			isa = PBXTargetDependency;
			target = 992BEC8D2EF2D43C00B9C432 /* Fuel */;
			targetProxy = 992BEC9F2EF2D43D00B9C432 /* PBXContainerItemProxy */;
		};
		992BECAA2EF2D43D00B9C432 /* PBXTargetDependency */ = {
			isa = PBXTargetDependency;
			target = 992BEC8D2EF2D43C00B9C432 /* Fuel */;
			targetProxy = 992BECA92EF2D43D00B9C432 /* PBXContainerItemProxy */;
		};
/* End PBXTargetDependency section */

/* Begin XCBuildConfiguration section */
		992BECB02EF2D43D00B9C432 /* Debug */ = {
			isa = XCBuildConfiguration;
			buildSettings = {
				ALWAYS_SEARCH_USER_PATHS = NO;
				ASSETCATALOG_COMPILER_GENERATE_SWIFT_ASSET_SYMBOL_EXTENSIONS = YES;
				CLANG_ANALYZER_NONNULL = YES;
				CLANG_ANALYZER_NUMBER_OBJECT_CONVERSION = YES_AGGRESSIVE;
				CLANG_CXX_LANGUAGE_STANDARD = "gnu++20";
				CLANG_ENABLE_MODULES = YES;
				CLANG_ENABLE_OBJC_ARC = YES;
				CLANG_ENABLE_OBJC_WEAK = YES;
				CLANG_WARN_BLOCK_CAPTURE_AUTORELEASING = YES;
				CLANG_WARN_BOOL_CONVERSION = YES;
				CLANG_WARN_COMMA = YES;
				CLANG_WARN_CONSTANT_CONVERSION = YES;
				CLANG_WARN_DEPRECATED_OBJC_IMPLEMENTATIONS = YES;
				CLANG_WARN_DIRECT_OBJC_ISA_USAGE = YES_ERROR;
				CLANG_WARN_DOCUMENTATION_COMMENTS = YES;
				CLANG_WARN_EMPTY_BODY = YES;
				CLANG_WARN_ENUM_CONVERSION = YES;
				CLANG_WARN_INFINITE_RECURSION = YES;
				CLANG_WARN_INT_CONVERSION = YES;
				CLANG_WARN_NON_LITERAL_NULL_CONVERSION = YES;
				CLANG_WARN_OBJC_IMPLICIT_RETAIN_SELF = YES;
				CLANG_WARN_OBJC_LITERAL_CONVERSION = YES;
				CLANG_WARN_OBJC_ROOT_CLASS = YES_ERROR;
				CLANG_WARN_QUOTED_INCLUDE_IN_FRAMEWORK_HEADER = YES;
				CLANG_WARN_RANGE_LOOP_ANALYSIS = YES;
				CLANG_WARN_STRICT_PROTOTYPES = YES;
				CLANG_WARN_SUSPICIOUS_MOVE = YES;
				CLANG_WARN_UNGUARDED_AVAILABILITY = YES_AGGRESSIVE;
				CLANG_WARN_UNREACHABLE_CODE = YES;
				CLANG_WARN__DUPLICATE_METHOD_MATCH = YES;
				COPY_PHASE_STRIP = NO;
				DEBUG_INFORMATION_FORMAT = dwarf;
				ENABLE_STRICT_OBJC_MSGSEND = YES;
				ENABLE_TESTABILITY = YES;
				ENABLE_USER_SCRIPT_SANDBOXING = YES;
				GCC_C_LANGUAGE_STANDARD = gnu17;
				GCC_DYNAMIC_NO_PIC = NO;
				GCC_NO_COMMON_BLOCKS = YES;
				GCC_OPTIMIZATION_LEVEL = 0;
				GCC_PREPROCESSOR_DEFINITIONS = (
					"DEBUG=1",
					"$(inherited)",
				);
				GCC_WARN_64_TO_32_BIT_CONVERSION = YES;
				GCC_WARN_ABOUT_RETURN_TYPE = YES_ERROR;
				GCC_WARN_UNDECLARED_SELECTOR = YES;
				GCC_WARN_UNINITIALIZED_AUTOS = YES_AGGRESSIVE;
				GCC_WARN_UNUSED_FUNCTION = YES;
				GCC_WARN_UNUSED_VARIABLE = YES;
				IPHONEOS_DEPLOYMENT_TARGET = 18.2;
				LOCALIZATION_PREFERS_STRING_CATALOGS = YES;
				MTL_ENABLE_DEBUG_INFO = INCLUDE_SOURCE;
				MTL_FAST_MATH = YES;
				ONLY_ACTIVE_ARCH = YES;
				SDKROOT = iphoneos;
				SWIFT_ACTIVE_COMPILATION_CONDITIONS = "DEBUG $(inherited)";
				SWIFT_OPTIMIZATION_LEVEL = "-Onone";
			};
			name = Debug;
		};
		992BECB12EF2D43D00B9C432 /* Release */ = {
			isa = XCBuildConfiguration;
			buildSettings = {
				ALWAYS_SEARCH_USER_PATHS = NO;
				ASSETCATALOG_COMPILER_GENERATE_SWIFT_ASSET_SYMBOL_EXTENSIONS = YES;
				CLANG_ANALYZER_NONNULL = YES;
				CLANG_ANALYZER_NUMBER_OBJECT_CONVERSION = YES_AGGRESSIVE;
				CLANG_CXX_LANGUAGE_STANDARD = "gnu++20";
				CLANG_ENABLE_MODULES = YES;
				CLANG_ENABLE_OBJC_ARC = YES;
				CLANG_ENABLE_OBJC_WEAK = YES;
				CLANG_WARN_BLOCK_CAPTURE_AUTORELEASING = YES;
				CLANG_WARN_BOOL_CONVERSION = YES;
				CLANG_WARN_COMMA = YES;
				CLANG_WARN_CONSTANT_CONVERSION = YES;
				CLANG_WARN_DEPRECATED_OBJC_IMPLEMENTATIONS = YES;
				CLANG_WARN_DIRECT_OBJC_ISA_USAGE = YES_ERROR;
				CLANG_WARN_DOCUMENTATION_COMMENTS = YES;
				CLANG_WARN_EMPTY_BODY = YES;
				CLANG_WARN_ENUM_CONVERSION = YES;
				CLANG_WARN_INFINITE_RECURSION = YES;
				CLANG_WARN_INT_CONVERSION = YES;
				CLANG_WARN_NON_LITERAL_NULL_CONVERSION = YES;
				CLANG_WARN_OBJC_IMPLICIT_RETAIN_SELF = YES;
				CLANG_WARN_OBJC_LITERAL_CONVERSION = YES;
				CLANG_WARN_OBJC_ROOT_CLASS = YES_ERROR;
				CLANG_WARN_QUOTED_INCLUDE_IN_FRAMEWORK_HEADER = YES;
				CLANG_WARN_RANGE_LOOP_ANALYSIS = YES;
				CLANG_WARN_STRICT_PROTOTYPES = YES;
				CLANG_WARN_SUSPICIOUS_MOVE = YES;
				CLANG_WARN_UNGUARDED_AVAILABILITY = YES_AGGRESSIVE;
				CLANG_WARN_UNREACHABLE_CODE = YES;
				CLANG_WARN__DUPLICATE_METHOD_MATCH = YES;
				COPY_PHASE_STRIP = NO;
				DEBUG_INFORMATION_FORMAT = "dwarf-with-dsym";
				ENABLE_NS_ASSERTIONS = NO;
				ENABLE_STRICT_OBJC_MSGSEND = YES;
				ENABLE_USER_SCRIPT_SANDBOXING = YES;
				GCC_C_LANGUAGE_STANDARD = gnu17;
				GCC_NO_COMMON_BLOCKS = YES;
				GCC_WARN_64_TO_32_BIT_CONVERSION = YES;
				GCC_WARN_ABOUT_RETURN_TYPE = YES_ERROR;
				GCC_WARN_UNDECLARED_SELECTOR = YES;
				GCC_WARN_UNINITIALIZED_AUTOS = YES_AGGRESSIVE;
				GCC_WARN_UNUSED_FUNCTION = YES;
				GCC_WARN_UNUSED_VARIABLE = YES;
				IPHONEOS_DEPLOYMENT_TARGET = 18.2;
				LOCALIZATION_PREFERS_STRING_CATALOGS = YES;
				MTL_ENABLE_DEBUG_INFO = NO;
				MTL_FAST_MATH = YES;
				SDKROOT = iphoneos;
				SWIFT_COMPILATION_MODE = wholemodule;
				VALIDATE_PRODUCT = YES;
			};
			name = Release;
		};
		992BECB32EF2D43D00B9C432 /* Debug */ = {
			isa = XCBuildConfiguration;
			buildSettings = {
				ASSETCATALOG_COMPILER_APPICON_NAME = AppIcon;
				ASSETCATALOG_COMPILER_GLOBAL_ACCENT_COLOR_NAME = AccentColor;
				CODE_SIGN_STYLE = Automatic;
				CURRENT_PROJECT_VERSION = 1;
				DEVELOPMENT_ASSET_PATHS = "\"Fuel/Preview Content\"";
				ENABLE_PREVIEWS = YES;
				GENERATE_INFOPLIST_FILE = YES;
				INFOPLIST_KEY_UIApplicationSceneManifest_Generation = YES;
				INFOPLIST_KEY_UIApplicationSupportsIndirectInputEvents = YES;
				INFOPLIST_KEY_UILaunchScreen_Generation = YES;
				INFOPLIST_KEY_UISupportedInterfaceOrientations_iPad = "UIInterfaceOrientationPortrait UIInterfaceOrientationPortraitUpsideDown UIInterfaceOrientationLandscapeLeft UIInterfaceOrientationLandscapeRight";
				INFOPLIST_KEY_UISupportedInterfaceOrientations_iPhone = "UIInterfaceOrientationPortrait UIInterfaceOrientationLandscapeLeft UIInterfaceOrientationLandscapeRight";
				LD_RUNPATH_SEARCH_PATHS = (
					"$(inherited)",
					"@executable_path/Frameworks",
				);
				MARKETING_VERSION = 1.0;
				PRODUCT_BUNDLE_IDENTIFIER = startupst.Fuel;
				PRODUCT_NAME = "$(TARGET_NAME)";
				SWIFT_EMIT_LOC_STRINGS = YES;
				SWIFT_VERSION = 5.0;
				TARGETED_DEVICE_FAMILY = "1,2";
			};
			name = Debug;
		};
		992BECB42EF2D43D00B9C432 /* Release */ = {
			isa = XCBuildConfiguration;
			buildSettings = {
				ASSETCATALOG_COMPILER_APPICON_NAME = AppIcon;
				ASSETCATALOG_COMPILER_GLOBAL_ACCENT_COLOR_NAME = AccentColor;
				CODE_SIGN_STYLE = Automatic;
				CURRENT_PROJECT_VERSION = 1;
				DEVELOPMENT_ASSET_PATHS = "\"Fuel/Preview Content\"";
				ENABLE_PREVIEWS = YES;
				GENERATE_INFOPLIST_FILE = YES;
				INFOPLIST_KEY_UIApplicationSceneManifest_Generation = YES;
				INFOPLIST_KEY_UIApplicationSupportsIndirectInputEvents = YES;
				INFOPLIST_KEY_UILaunchScreen_Generation = YES;
				INFOPLIST_KEY_UISupportedInterfaceOrientations_iPad = "UIInterfaceOrientationPortrait UIInterfaceOrientationPortraitUpsideDown UIInterfaceOrientationLandscapeLeft UIInterfaceOrientationLandscapeRight";
				INFOPLIST_KEY_UISupportedInterfaceOrientations_iPhone = "UIInterfaceOrientationPortrait UIInterfaceOrientationLandscapeLeft UIInterfaceOrientationLandscapeRight";
				LD_RUNPATH_SEARCH_PATHS = (
					"$(inherited)",
					"@executable_path/Frameworks",
				);
				MARKETING_VERSION = 1.0;
				PRODUCT_BUNDLE_IDENTIFIER = startupst.Fuel;
				PRODUCT_NAME = "$(TARGET_NAME)";
				SWIFT_EMIT_LOC_STRINGS = YES;
				SWIFT_VERSION = 5.0;
				TARGETED_DEVICE_FAMILY = "1,2";
			};
			name = Release;
		};
		992BECB62EF2D43D00B9C432 /* Debug */ = {
			isa = XCBuildConfiguration;
			buildSettings = {
				BUNDLE_LOADER = "$(TEST_HOST)";
				CODE_SIGN_STYLE = Automatic;
				CURRENT_PROJECT_VERSION = 1;
				GENERATE_INFOPLIST_FILE = YES;
				IPHONEOS_DEPLOYMENT_TARGET = 18.2;
				MARKETING_VERSION = 1.0;
				PRODUCT_BUNDLE_IDENTIFIER = startupst.FuelTests;
				PRODUCT_NAME = "$(TARGET_NAME)";
				SWIFT_EMIT_LOC_STRINGS = NO;
				SWIFT_VERSION = 5.0;
				TARGETED_DEVICE_FAMILY = "1,2";
				TEST_HOST = "$(BUILT_PRODUCTS_DIR)/Fuel.app/$(BUNDLE_EXECUTABLE_FOLDER_PATH)/Fuel";
			};
			name = Debug;
		};
		992BECB72EF2D43D00B9C432 /* Release */ = {
			isa = XCBuildConfiguration;
			buildSettings = {
				BUNDLE_LOADER = "$(TEST_HOST)";
				CODE_SIGN_STYLE = Automatic;
				CURRENT_PROJECT_VERSION = 1;
				GENERATE_INFOPLIST_FILE = YES;
				IPHONEOS_DEPLOYMENT_TARGET = 18.2;
				MARKETING_VERSION = 1.0;
				PRODUCT_BUNDLE_IDENTIFIER = startupst.FuelTests;
				PRODUCT_NAME = "$(TARGET_NAME)";
				SWIFT_EMIT_LOC_STRINGS = NO;
				SWIFT_VERSION = 5.0;
				TARGETED_DEVICE_FAMILY = "1,2";
				TEST_HOST = "$(BUILT_PRODUCTS_DIR)/Fuel.app/$(BUNDLE_EXECUTABLE_FOLDER_PATH)/Fuel";
			};
			name = Release;
		};
		992BECB92EF2D43D00B9C432 /* Debug */ = {
			isa = XCBuildConfiguration;
			buildSettings = {
				CODE_SIGN_STYLE = Automatic;
				CURRENT_PROJECT_VERSION = 1;
				GENERATE_INFOPLIST_FILE = YES;
				MARKETING_VERSION = 1.0;
				PRODUCT_BUNDLE_IDENTIFIER = startupst.FuelUITests;
				PRODUCT_NAME = "$(TARGET_NAME)";
				SWIFT_EMIT_LOC_STRINGS = NO;
				SWIFT_VERSION = 5.0;
				TARGETED_DEVICE_FAMILY = "1,2";
				TEST_TARGET_NAME = Fuel;
			};
			name = Debug;
		};
		992BECBA2EF2D43D00B9C432 /* Release */ = {
			isa = XCBuildConfiguration;
			buildSettings = {
				CODE_SIGN_STYLE = Automatic;
				CURRENT_PROJECT_VERSION = 1;
				GENERATE_INFOPLIST_FILE = YES;
				MARKETING_VERSION = 1.0;
				PRODUCT_BUNDLE_IDENTIFIER = startupst.FuelUITests;
				PRODUCT_NAME = "$(TARGET_NAME)";
				SWIFT_EMIT_LOC_STRINGS = NO;
				SWIFT_VERSION = 5.0;
				TARGETED_DEVICE_FAMILY = "1,2";
				TEST_TARGET_NAME = Fuel;
			};
			name = Release;
		};
/* End XCBuildConfiguration section */

/* Begin XCConfigurationList section */
		992BEC892EF2D43C00B9C432 /* Build configuration list for PBXProject "Fuel" */ = {
			isa = XCConfigurationList;
			buildConfigurations = (
				992BECB02EF2D43D00B9C432 /* Debug */,
				992BECB12EF2D43D00B9C432 /* Release */,
			);
			defaultConfigurationIsVisible = 0;
			defaultConfigurationName = Release;
		};
		992BECB22EF2D43D00B9C432 /* Build configuration list for PBXNativeTarget "Fuel" */ = {
			isa = XCConfigurationList;
			buildConfigurations = (
				992BECB32EF2D43D00B9C432 /* Debug */,
				992BECB42EF2D43D00B9C432 /* Release */,
			);
			defaultConfigurationIsVisible = 0;
			defaultConfigurationName = Release;
		};
		992BECB52EF2D43D00B9C432 /* Build configuration list for PBXNativeTarget "FuelTests" */ = {
			isa = XCConfigurationList;
			buildConfigurations = (
				992BECB62EF2D43D00B9C432 /* Debug */,
				992BECB72EF2D43D00B9C432 /* Release */,
			);
			defaultConfigurationIsVisible = 0;
			defaultConfigurationName = Release;
		};
		992BECB82EF2D43D00B9C432 /* Build configuration list for PBXNativeTarget "FuelUITests" */ = {
			isa = XCConfigurationList;
			buildConfigurations = (
				992BECB92EF2D43D00B9C432 /* Debug */,
				992BECBA2EF2D43D00B9C432 /* Release */,
			);
			defaultConfigurationIsVisible = 0;
			defaultConfigurationName = Release;
		};
/* End XCConfigurationList section */
	};
	rootObject = 992BEC862EF2D43C00B9C432 /* Project object */;
}
